
Microsoft Visual Studio Solution File, Format Version 12.00
# Visual Studio Version 16
VisualStudioVersion = 16.0.30503.244
MinimumVisualStudioVersion = 10.0.40219.1
Project("{9A19103F-16F7-4668-BE54-9A1E7A4F7556}") = "Zad2Graph", "Zad2Graph\Zad2Graph.csproj", "{1245115F-D9D8-46DC-BFA5-3774CB484D1E}"
EndProject
Project("{9A19103F-16F7-4668-BE54-9A1E7A4F7556}") = "DotFileParser", "..\..\DotFileParser\DotFileParser\DotFileParser.csproj", "{86095F21-A295-449D-95EC-E51DD67E31D3}"
EndProject
Global
	GlobalSection(SolutionConfigurationPlatforms) = preSolution
		Debug|Any CPU = Debug|Any CPU
		Release|Any CPU = Release|Any CPU
	EndGlobalSection
	GlobalSection(ProjectConfigurationPlatforms) = postSolution
		{1245115F-D9D8-46DC-BFA5-3774CB484D1E}.Debug|Any CPU.ActiveCfg = Debug|Any CPU
		{1245115F-D9D8-46DC-BFA5-3774CB484D1E}.Debug|Any CPU.Build.0 = Debug|Any CPU
		{1245115F-D9D8-46DC-BFA5-3774CB484D1E}.Release|Any CPU.ActiveCfg = Release|Any CPU
		{1245115F-D9D8-46DC-BFA5-3774CB484D1E}.Release|Any CPU.Build.0 = Release|Any CPU
		{86095F21-A295-449D-95EC-E51DD67E31D3}.Debug|Any CPU.ActiveCfg = Debug|Any CPU
		{86095F21-A295-449D-95EC-E51DD67E31D3}.Debug|Any CPU.Build.0 = Debug|Any CPU
		{86095F21-A295-449D-95EC-E51DD67E31D3}.Release|Any CPU.ActiveCfg = Release|Any CPU
		{86095F21-A295-449D-95EC-E51DD67E31D3}.Release|Any CPU.Build.0 = Release|Any CPU
	EndGlobalSection
	GlobalSection(SolutionProperties) = preSolution
		HideSolutionNode = FALSE
	EndGlobalSection
	GlobalSection(ExtensibilityGlobals) = postSolution
		SolutionGuid = {42DBACB3-F773-48F7-B7BC-040D53E55B1C}
	EndGlobalSection
EndGlobal
